
Microsoft Visual Studio Solution File, Format Version 12.00
# Visual Studio Version 17
VisualStudioVersion = 17.8.34322.80
MinimumVisualStudioVersion = 10.0.40219.1
Project("{F184B08F-C81C-45F6-A57F-5ABD9991F28F}") = "Kalkulator-Amir", "Kalkulator-Amir\Kalkulator-Amir.vbproj", "{7AA5041D-7F09-4EA8-8109-DA37ED73028C}"
EndProject
Global
	GlobalSection(SolutionConfigurationPlatforms) = preSolution
		Debug|Any CPU = Debug|Any CPU
		Release|Any CPU = Release|Any CPU
	EndGlobalSection
	GlobalSection(ProjectConfigurationPlatforms) = postSolution
		{7AA5041D-7F09-4EA8-8109-DA37ED73028C}.Debug|Any CPU.ActiveCfg = Debug|Any CPU
		{7AA5041D-7F09-4EA8-8109-DA37ED73028C}.Debug|Any CPU.Build.0 = Debug|Any CPU
		{7AA5041D-7F09-4EA8-8109-DA37ED73028C}.Release|Any CPU.ActiveCfg = Release|Any CPU
		{7AA5041D-7F09-4EA8-8109-DA37ED73028C}.Release|Any CPU.Build.0 = Release|Any CPU
	EndGlobalSection
	GlobalSection(SolutionProperties) = preSolution
		HideSolutionNode = FALSE
	EndGlobalSection
	GlobalSection(ExtensibilityGlobals) = postSolution
		SolutionGuid = {C6BBD2AF-076E-47EC-95AF-0D5849CB2E85}
	EndGlobalSection
EndGlobal
